
Microsoft Visual Studio Solution File, Format Version 12.00
# Visual Studio 2013
VisualStudioVersion = 12.0.30501.0
MinimumVisualStudioVersion = 10.0.40219.1
Project("{2150E333-8FDC-42A3-9474-1A3956D46DE8}") = "Utils", "Utils", "{E8C7E5A0-3B17-4127-8751-D74B1B26A751}"
	ProjectSection(SolutionItems) = preProject
		Utils\copy-items.ps1 = Utils\copy-items.ps1
		Utils\remove-item.ps1 = Utils\remove-item.ps1
		Utils\remove-start-lines.ps1 = Utils\remove-start-lines.ps1
	EndProjectSection
EndProject
Project("{FAE04EC0-301F-11D3-BF4B-00C04F79EFBC}") = "NavRouter.Sample", "NavRouter.Sample.csproj", "{8580492B-48FA-407D-A5AE-6A3885EFC5CE}"
	ProjectSection(ProjectDependencies) = postProject
		{68C0C29E-0790-4B73-B2E3-7F07041DF03C} = {68C0C29E-0790-4B73-B2E3-7F07041DF03C}
	EndProjectSection
EndProject
Project("{FAE04EC0-301F-11D3-BF4B-00C04F79EFBC}") = "NavRouter.Source", "NavRouter.Source.csproj", "{68C0C29E-0790-4B73-B2E3-7F07041DF03C}"
EndProject
Project("{2150E333-8FDC-42A3-9474-1A3956D46DE8}") = "Common", "Common", "{15C8F928-403A-4749-9CCA-68531F1F8401}"
	ProjectSection(SolutionItems) = preProject
		.gitattributes = .gitattributes
		.gitignore = .gitignore
		LICENSE = LICENSE
		README.md = README.md
		WE-Markdown.css = WE-Markdown.css
	EndProjectSection
EndProject
Project("{2150E333-8FDC-42A3-9474-1A3956D46DE8}") = "Compiled", "Compiled", "{929B128B-9E08-4734-9280-27BCE5578F39}"
EndProject
Project("{2150E333-8FDC-42A3-9474-1A3956D46DE8}") = "Debug", "Debug", "{EB30D3AF-BC84-44F4-AA2C-5836F3302695}"
	ProjectSection(SolutionItems) = preProject
		Compiled\Debug\navrouter.d.ts = Compiled\Debug\navrouter.d.ts
		Compiled\Debug\navrouter.js = Compiled\Debug\navrouter.js
		Compiled\Debug\navrouter.js.map = Compiled\Debug\navrouter.js.map
	EndProjectSection
EndProject
Project("{2150E333-8FDC-42A3-9474-1A3956D46DE8}") = "Release", "Release", "{7B72CB74-2210-41C3-80F9-0D68FF2DDEA3}"
	ProjectSection(SolutionItems) = preProject
		Compiled\Release\navrouter.d.ts = Compiled\Release\navrouter.d.ts
		Compiled\Release\navrouter.js = Compiled\Release\navrouter.js
	EndProjectSection
EndProject
Global
	GlobalSection(SolutionConfigurationPlatforms) = preSolution
		Debug|Any CPU = Debug|Any CPU
		Release|Any CPU = Release|Any CPU
	EndGlobalSection
	GlobalSection(ProjectConfigurationPlatforms) = postSolution
		{8580492B-48FA-407D-A5AE-6A3885EFC5CE}.Debug|Any CPU.ActiveCfg = Debug|Any CPU
		{8580492B-48FA-407D-A5AE-6A3885EFC5CE}.Debug|Any CPU.Build.0 = Debug|Any CPU
		{8580492B-48FA-407D-A5AE-6A3885EFC5CE}.Release|Any CPU.ActiveCfg = Release|Any CPU
		{8580492B-48FA-407D-A5AE-6A3885EFC5CE}.Release|Any CPU.Build.0 = Release|Any CPU
		{68C0C29E-0790-4B73-B2E3-7F07041DF03C}.Debug|Any CPU.ActiveCfg = Debug|Any CPU
		{68C0C29E-0790-4B73-B2E3-7F07041DF03C}.Debug|Any CPU.Build.0 = Debug|Any CPU
		{68C0C29E-0790-4B73-B2E3-7F07041DF03C}.Release|Any CPU.ActiveCfg = Release|Any CPU
		{68C0C29E-0790-4B73-B2E3-7F07041DF03C}.Release|Any CPU.Build.0 = Release|Any CPU
	EndGlobalSection
	GlobalSection(SolutionProperties) = preSolution
		HideSolutionNode = FALSE
	EndGlobalSection
	GlobalSection(NestedProjects) = preSolution
		{EB30D3AF-BC84-44F4-AA2C-5836F3302695} = {929B128B-9E08-4734-9280-27BCE5578F39}
		{7B72CB74-2210-41C3-80F9-0D68FF2DDEA3} = {929B128B-9E08-4734-9280-27BCE5578F39}
	EndGlobalSection
EndGlobal
