
Microsoft Visual Studio Solution File, Format Version 12.00
# Visual Studio 2012
Project("{E24C65DC-7377-472B-9ABA-BC803B73C61A}") = "NavRouter", ".", "{86E09785-DB04-41D1-A132-FAE76A97FB30}"
	ProjectSection(WebsiteProperties) = preProject
		TargetFrameworkMoniker = ".NETFramework,Version%3Dv4.0"
		Debug.AspNetCompiler.VirtualPath = "/NavRouter"
		Debug.AspNetCompiler.PhysicalPath = "..\NavRouter\"
		Debug.AspNetCompiler.TargetPath = "PrecompiledWeb\NavRouter\"
		Debug.AspNetCompiler.Updateable = "true"
		Debug.AspNetCompiler.ForceOverwrite = "true"
		Debug.AspNetCompiler.FixedNames = "false"
		Debug.AspNetCompiler.Debug = "True"
		Release.AspNetCompiler.VirtualPath = "/NavRouter"
		Release.AspNetCompiler.PhysicalPath = "..\NavRouter\"
		Release.AspNetCompiler.TargetPath = "PrecompiledWeb\NavRouter\"
		Release.AspNetCompiler.Updateable = "true"
		Release.AspNetCompiler.ForceOverwrite = "true"
		Release.AspNetCompiler.FixedNames = "false"
		Release.AspNetCompiler.Debug = "False"
		VWDPort = "51292"
	EndProjectSection
EndProject
Global
	GlobalSection(SolutionConfigurationPlatforms) = preSolution
		Debug|Any CPU = Debug|Any CPU
	EndGlobalSection
	GlobalSection(ProjectConfigurationPlatforms) = postSolution
		{86E09785-DB04-41D1-A132-FAE76A97FB30}.Debug|Any CPU.ActiveCfg = Debug|Any CPU
		{86E09785-DB04-41D1-A132-FAE76A97FB30}.Debug|Any CPU.Build.0 = Debug|Any CPU
	EndGlobalSection
	GlobalSection(SolutionProperties) = preSolution
		HideSolutionNode = FALSE
	EndGlobalSection
EndGlobal
